
Microsoft Visual Studio Solution File, Format Version 12.00
# Visual Studio Version 17
VisualStudioVersion = 17.1.32328.378
MinimumVisualStudioVersion = 10.0.40219.1
Project("{FAE04EC0-301F-11D3-BF4B-00C04F79EFBC}") = "UNIPI-GUIDE", "UNIPI-GUIDE\UNIPI-GUIDE.csproj", "{89B5628F-CEF4-40CE-B9E5-DF074963BABD}"
EndProject
Global
	GlobalSection(SolutionConfigurationPlatforms) = preSolution
		Debug|Any CPU = Debug|Any CPU
		Release|Any CPU = Release|Any CPU
	EndGlobalSection
	GlobalSection(ProjectConfigurationPlatforms) = postSolution
		{89B5628F-CEF4-40CE-B9E5-DF074963BABD}.Debug|Any CPU.ActiveCfg = Debug|Any CPU
		{89B5628F-CEF4-40CE-B9E5-DF074963BABD}.Debug|Any CPU.Build.0 = Debug|Any CPU
		{89B5628F-CEF4-40CE-B9E5-DF074963BABD}.Release|Any CPU.ActiveCfg = Release|Any CPU
		{89B5628F-CEF4-40CE-B9E5-DF074963BABD}.Release|Any CPU.Build.0 = Release|Any CPU
	EndGlobalSection
	GlobalSection(SolutionProperties) = preSolution
		HideSolutionNode = FALSE
	EndGlobalSection
	GlobalSection(ExtensibilityGlobals) = postSolution
		SolutionGuid = {50DBDB52-3530-4055-A2C3-8BCAF5454B47}
	EndGlobalSection
EndGlobal
